// !$*UTF8*$!
{
	archiveVersion = 1;
	classes = {
	};
	objectVersion = 56;
	objects = {

/* Begin PBXBuildFile section */
		BD5519ED2F6749B90072DCA6 /* Assets.xcassets in Resources */ = {isa = PBXBuildFile; fileRef = BD5519EC2F6749B90072DCA6 /* Assets.xcassets */; };
		BD5519F02F6749B90072DCA6 /* Preview Assets.xcassets in Resources */ = {isa = PBXBuildFile; fileRef = BD5519EF2F6749B90072DCA6 /* Preview Assets.xcassets */; };
		BD5519FA2F6749B90072DCA6 /* Swipe_GalleryTests.swift in Sources */ = {isa = PBXBuildFile; fileRef = BD5519F92F6749B90072DCA6 /* Swipe_GalleryTests.swift */; };
		BD551A042F6749B90072DCA6 /* Swipe_GalleryUITests.swift in Sources */ = {isa = PBXBuildFile; fileRef = BD551A032F6749B90072DCA6 /* Swipe_GalleryUITests.swift */; };
		BD551A062F6749B90072DCA6 /* Swipe_GalleryUITestsLaunchTests.swift in Sources */ = {isa = PBXBuildFile; fileRef = BD551A052F6749B90072DCA6 /* Swipe_GalleryUITestsLaunchTests.swift */; };
		BD551A132F6749B90072DCA6 /* GalleryCleanerApp.swift in Sources */ = {isa = PBXBuildFile; fileRef = BD551A122F6749B90072DCA6 /* GalleryCleanerApp.swift */; };
		BD551A152F6749B90072DCA6 /* MediaGroup.swift in Sources */ = {isa = PBXBuildFile; fileRef = BD551A142F6749B90072DCA6 /* MediaGroup.swift */; };
		BD551A172F6749B90072DCA6 /* GroupRowView.swift in Sources */ = {isa = PBXBuildFile; fileRef = BD551A162F6749B90072DCA6 /* GroupRowView.swift */; };
		BD551A192F6749B90072DCA6 /* HomeView.swift in Sources */ = {isa = PBXBuildFile; fileRef = BD551A182F6749B90072DCA6 /* HomeView.swift */; };
		BD551A1D2F6749B90072DCA6 /* DateFormatterHelper.swift in Sources */ = {isa = PBXBuildFile; fileRef = BD551A1E2F6749B90072DCA6 /* DateFormatterHelper.swift */; };
		BD551A1F2F6749B90072DCA6 /* MediaItem.swift in Sources */ = {isa = PBXBuildFile; fileRef = BD551A202F6749B90072DCA6 /* MediaItem.swift */; };
		BD551A212F6749B90072DCA6 /* SwipeDecision.swift in Sources */ = {isa = PBXBuildFile; fileRef = BD551A222F6749B90072DCA6 /* SwipeDecision.swift */; };
		BD551A232F6749B90072DCA6 /* PhotoLibraryService.swift in Sources */ = {isa = PBXBuildFile; fileRef = BD551A242F6749B90072DCA6 /* PhotoLibraryService.swift */; };
		BD551A252F6749B90072DCA6 /* MediaGroupingService.swift in Sources */ = {isa = PBXBuildFile; fileRef = BD551A262F6749B90072DCA6 /* MediaGroupingService.swift */; };
		BD551A342F6749B90072DCA6 /* GroupProgressStore.swift in Sources */ = {isa = PBXBuildFile; fileRef = BD551A352F6749B90072DCA6 /* GroupProgressStore.swift */; };
		BD551A272F6749B90072DCA6 /* DeleteQueueService.swift in Sources */ = {isa = PBXBuildFile; fileRef = BD551A282F6749B90072DCA6 /* DeleteQueueService.swift */; };
		BD551A292F6749B90072DCA6 /* GroupDetailView.swift in Sources */ = {isa = PBXBuildFile; fileRef = BD551A2A2F6749B90072DCA6 /* GroupDetailView.swift */; };
		BD551A2B2F6749B90072DCA6 /* SwipeCardView.swift in Sources */ = {isa = PBXBuildFile; fileRef = BD551A2C2F6749B90072DCA6 /* SwipeCardView.swift */; };
		BD551A2D2F6749B90072DCA6 /* ReviewDeleteView.swift in Sources */ = {isa = PBXBuildFile; fileRef = BD551A2E2F6749B90072DCA6 /* ReviewDeleteView.swift */; };
		BD551A322F6749B90072DCA6 /* ImageLoaderService.swift in Sources */ = {isa = PBXBuildFile; fileRef = BD551A332F6749B90072DCA6 /* ImageLoaderService.swift */; };
/* End PBXBuildFile section */

/* Begin PBXContainerItemProxy section */
		BD5519F62F6749B90072DCA6 /* PBXContainerItemProxy */ = {
			isa = PBXContainerItemProxy;
			containerPortal = BD5519DD2F6749B50072DCA6 /* Project object */;
			proxyType = 1;
			remoteGlobalIDString = BD5519E42F6749B50072DCA6;
			remoteInfo = "Swipe Gallery";
		};
		BD551A002F6749B90072DCA6 /* PBXContainerItemProxy */ = {
			isa = PBXContainerItemProxy;
			containerPortal = BD5519DD2F6749B50072DCA6 /* Project object */;
			proxyType = 1;
			remoteGlobalIDString = BD5519E42F6749B50072DCA6;
			remoteInfo = "Swipe Gallery";
		};
/* End PBXContainerItemProxy section */

/* Begin PBXFileReference section */
		BD5519E52F6749B50072DCA6 /* Swipe Gallery.app */ = {isa = PBXFileReference; explicitFileType = wrapper.application; includeInIndex = 0; path = "Swipe Gallery.app"; sourceTree = BUILT_PRODUCTS_DIR; };
		BD5519EC2F6749B90072DCA6 /* Assets.xcassets */ = {isa = PBXFileReference; lastKnownFileType = folder.assetcatalog; path = Assets.xcassets; sourceTree = "<group>"; };
		BD5519EF2F6749B90072DCA6 /* Preview Assets.xcassets */ = {isa = PBXFileReference; lastKnownFileType = folder.assetcatalog; path = "Preview Assets.xcassets"; sourceTree = "<group>"; };
		BD5519F52F6749B90072DCA6 /* Swipe GalleryTests.xctest */ = {isa = PBXFileReference; explicitFileType = wrapper.cfbundle; includeInIndex = 0; path = "Swipe GalleryTests.xctest"; sourceTree = BUILT_PRODUCTS_DIR; };
		BD5519F92F6749B90072DCA6 /* Swipe_GalleryTests.swift */ = {isa = PBXFileReference; lastKnownFileType = sourcecode.swift; path = Swipe_GalleryTests.swift; sourceTree = "<group>"; };
		BD5519FF2F6749B90072DCA6 /* Swipe GalleryUITests.xctest */ = {isa = PBXFileReference; explicitFileType = wrapper.cfbundle; includeInIndex = 0; path = "Swipe GalleryUITests.xctest"; sourceTree = BUILT_PRODUCTS_DIR; };
		BD551A032F6749B90072DCA6 /* Swipe_GalleryUITests.swift */ = {isa = PBXFileReference; lastKnownFileType = sourcecode.swift; path = Swipe_GalleryUITests.swift; sourceTree = "<group>"; };
		BD551A052F6749B90072DCA6 /* Swipe_GalleryUITestsLaunchTests.swift */ = {isa = PBXFileReference; lastKnownFileType = sourcecode.swift; path = Swipe_GalleryUITestsLaunchTests.swift; sourceTree = "<group>"; };
		BD551A122F6749B90072DCA6 /* GalleryCleanerApp.swift */ = {isa = PBXFileReference; lastKnownFileType = sourcecode.swift; path = GalleryCleanerApp.swift; sourceTree = "<group>"; };
		BD551A122F67550B0072DCA6 /* Swipe-Gallery-Info.plist */ = {isa = PBXFileReference; lastKnownFileType = text.plist; path = "Swipe-Gallery-Info.plist"; sourceTree = SOURCE_ROOT; };
		BD551A142F6749B90072DCA6 /* MediaGroup.swift */ = {isa = PBXFileReference; lastKnownFileType = sourcecode.swift; path = MediaGroup.swift; sourceTree = "<group>"; };
		BD551A162F6749B90072DCA6 /* GroupRowView.swift */ = {isa = PBXFileReference; lastKnownFileType = sourcecode.swift; path = GroupRowView.swift; sourceTree = "<group>"; };
		BD551A182F6749B90072DCA6 /* HomeView.swift */ = {isa = PBXFileReference; lastKnownFileType = sourcecode.swift; path = HomeView.swift; sourceTree = "<group>"; };
		BD551A1E2F6749B90072DCA6 /* DateFormatterHelper.swift */ = {isa = PBXFileReference; lastKnownFileType = sourcecode.swift; path = DateFormatterHelper.swift; sourceTree = "<group>"; };
		BD551A202F6749B90072DCA6 /* MediaItem.swift */ = {isa = PBXFileReference; lastKnownFileType = sourcecode.swift; path = MediaItem.swift; sourceTree = "<group>"; };
		BD551A222F6749B90072DCA6 /* SwipeDecision.swift */ = {isa = PBXFileReference; lastKnownFileType = sourcecode.swift; path = SwipeDecision.swift; sourceTree = "<group>"; };
		BD551A242F6749B90072DCA6 /* PhotoLibraryService.swift */ = {isa = PBXFileReference; lastKnownFileType = sourcecode.swift; path = PhotoLibraryService.swift; sourceTree = "<group>"; };
		BD551A262F6749B90072DCA6 /* MediaGroupingService.swift */ = {isa = PBXFileReference; lastKnownFileType = sourcecode.swift; path = MediaGroupingService.swift; sourceTree = "<group>"; };
		BD551A352F6749B90072DCA6 /* GroupProgressStore.swift */ = {isa = PBXFileReference; lastKnownFileType = sourcecode.swift; path = GroupProgressStore.swift; sourceTree = "<group>"; };
		BD551A282F6749B90072DCA6 /* DeleteQueueService.swift */ = {isa = PBXFileReference; lastKnownFileType = sourcecode.swift; path = DeleteQueueService.swift; sourceTree = "<group>"; };
		BD551A2A2F6749B90072DCA6 /* GroupDetailView.swift */ = {isa = PBXFileReference; lastKnownFileType = sourcecode.swift; path = GroupDetailView.swift; sourceTree = "<group>"; };
		BD551A2C2F6749B90072DCA6 /* SwipeCardView.swift */ = {isa = PBXFileReference; lastKnownFileType = sourcecode.swift; path = SwipeCardView.swift; sourceTree = "<group>"; };
		BD551A2E2F6749B90072DCA6 /* ReviewDeleteView.swift */ = {isa = PBXFileReference; lastKnownFileType = sourcecode.swift; path = ReviewDeleteView.swift; sourceTree = "<group>"; };
		BD551A332F6749B90072DCA6 /* ImageLoaderService.swift */ = {isa = PBXFileReference; lastKnownFileType = sourcecode.swift; path = ImageLoaderService.swift; sourceTree = "<group>"; };
/* End PBXFileReference section */

/* Begin PBXFrameworksBuildPhase section */
		BD5519E22F6749B50072DCA6 /* Frameworks */ = {
			isa = PBXFrameworksBuildPhase;
			buildActionMask = 2147483647;
			files = (
			);
			runOnlyForDeploymentPostprocessing = 0;
		};
		BD5519F22F6749B90072DCA6 /* Frameworks */ = {
			isa = PBXFrameworksBuildPhase;
			buildActionMask = 2147483647;
			files = (
			);
			runOnlyForDeploymentPostprocessing = 0;
		};
		BD5519FC2F6749B90072DCA6 /* Frameworks */ = {
			isa = PBXFrameworksBuildPhase;
			buildActionMask = 2147483647;
			files = (
			);
			runOnlyForDeploymentPostprocessing = 0;
		};
/* End PBXFrameworksBuildPhase section */

/* Begin PBXGroup section */
		BD5519DC2F6749B50072DCA6 = {
			isa = PBXGroup;
			children = (
				BD5519E72F6749B50072DCA6 /* Swipe Gallery */,
				BD5519F82F6749B90072DCA6 /* Swipe GalleryTests */,
				BD551A022F6749B90072DCA6 /* Swipe GalleryUITests */,
				BD5519E62F6749B50072DCA6 /* Products */,
			);
			sourceTree = "<group>";
		};
		BD5519E62F6749B50072DCA6 /* Products */ = {
			isa = PBXGroup;
			children = (
				BD5519E52F6749B50072DCA6 /* Swipe Gallery.app */,
				BD5519F52F6749B90072DCA6 /* Swipe GalleryTests.xctest */,
				BD5519FF2F6749B90072DCA6 /* Swipe GalleryUITests.xctest */,
			);
			name = Products;
			sourceTree = "<group>";
		};
		BD5519E72F6749B50072DCA6 /* Swipe Gallery */ = {
			isa = PBXGroup;
			children = (
				BD551A122F67550B0072DCA6 /* Swipe-Gallery-Info.plist */,
				BD551A1A2F6749B90072DCA6 /* App */,
				BD551A1B2F6749B90072DCA6 /* Models */,
				BD551A302F6749B90072DCA6 /* Services */,
				BD551A312F6749B90072DCA6 /* Utils */,
				BD551A1C2F6749B90072DCA6 /* Views */,
				BD5519EC2F6749B90072DCA6 /* Assets.xcassets */,
				BD5519EE2F6749B90072DCA6 /* Preview Content */,
			);
			path = "Swipe Gallery";
			sourceTree = "<group>";
		};
		BD5519EE2F6749B90072DCA6 /* Preview Content */ = {
			isa = PBXGroup;
			children = (
				BD5519EF2F6749B90072DCA6 /* Preview Assets.xcassets */,
			);
			path = "Preview Content";
			sourceTree = "<group>";
		};
		BD5519F82F6749B90072DCA6 /* Swipe GalleryTests */ = {
			isa = PBXGroup;
			children = (
				BD5519F92F6749B90072DCA6 /* Swipe_GalleryTests.swift */,
			);
			path = "Swipe GalleryTests";
			sourceTree = "<group>";
		};
		BD551A022F6749B90072DCA6 /* Swipe GalleryUITests */ = {
			isa = PBXGroup;
			children = (
				BD551A032F6749B90072DCA6 /* Swipe_GalleryUITests.swift */,
				BD551A052F6749B90072DCA6 /* Swipe_GalleryUITestsLaunchTests.swift */,
			);
			path = "Swipe GalleryUITests";
			sourceTree = "<group>";
		};
		BD551A1A2F6749B90072DCA6 /* App */ = {
			isa = PBXGroup;
			children = (
				BD551A122F6749B90072DCA6 /* GalleryCleanerApp.swift */,
			);
			path = App;
			sourceTree = "<group>";
		};
		BD551A1B2F6749B90072DCA6 /* Models */ = {
			isa = PBXGroup;
			children = (
				BD551A142F6749B90072DCA6 /* MediaGroup.swift */,
				BD551A202F6749B90072DCA6 /* MediaItem.swift */,
				BD551A222F6749B90072DCA6 /* SwipeDecision.swift */,
			);
			path = Models;
			sourceTree = "<group>";
		};
		BD551A1C2F6749B90072DCA6 /* Views */ = {
			isa = PBXGroup;
			children = (
				BD551A162F6749B90072DCA6 /* GroupRowView.swift */,
				BD551A182F6749B90072DCA6 /* HomeView.swift */,
				BD551A2A2F6749B90072DCA6 /* GroupDetailView.swift */,
				BD551A2C2F6749B90072DCA6 /* SwipeCardView.swift */,
				BD551A2E2F6749B90072DCA6 /* ReviewDeleteView.swift */,
			);
			path = Views;
			sourceTree = "<group>";
		};
		BD551A302F6749B90072DCA6 /* Services */ = {
			isa = PBXGroup;
			children = (
				BD551A332F6749B90072DCA6 /* ImageLoaderService.swift */,
				BD551A242F6749B90072DCA6 /* PhotoLibraryService.swift */,
				BD551A262F6749B90072DCA6 /* MediaGroupingService.swift */,
				BD551A352F6749B90072DCA6 /* GroupProgressStore.swift */,
				BD551A282F6749B90072DCA6 /* DeleteQueueService.swift */,
			);
			path = Services;
			sourceTree = "<group>";
		};
		BD551A312F6749B90072DCA6 /* Utils */ = {
			isa = PBXGroup;
			children = (
				BD551A1E2F6749B90072DCA6 /* DateFormatterHelper.swift */,
			);
			path = Utils;
			sourceTree = "<group>";
		};
/* End PBXGroup section */

/* Begin PBXNativeTarget section */
		BD5519E42F6749B50072DCA6 /* Swipe Gallery */ = {
			isa = PBXNativeTarget;
			buildConfigurationList = BD551A092F6749B90072DCA6 /* Build configuration list for PBXNativeTarget "Swipe Gallery" */;
			buildPhases = (
				BD5519E12F6749B50072DCA6 /* Sources */,
				BD5519E22F6749B50072DCA6 /* Frameworks */,
				BD5519E32F6749B50072DCA6 /* Resources */,
			);
			buildRules = (
			);
			dependencies = (
			);
			name = "Swipe Gallery";
			productName = "Swipe Gallery";
			productReference = BD5519E52F6749B50072DCA6 /* Swipe Gallery.app */;
			productType = "com.apple.product-type.application";
		};
		BD5519F42F6749B90072DCA6 /* Swipe GalleryTests */ = {
			isa = PBXNativeTarget;
			buildConfigurationList = BD551A0C2F6749B90072DCA6 /* Build configuration list for PBXNativeTarget "Swipe GalleryTests" */;
			buildPhases = (
				BD5519F12F6749B90072DCA6 /* Sources */,
				BD5519F22F6749B90072DCA6 /* Frameworks */,
				BD5519F32F6749B90072DCA6 /* Resources */,
			);
			buildRules = (
			);
			dependencies = (
				BD5519F72F6749B90072DCA6 /* PBXTargetDependency */,
			);
			name = "Swipe GalleryTests";
			productName = "Swipe GalleryTests";
			productReference = BD5519F52F6749B90072DCA6 /* Swipe GalleryTests.xctest */;
			productType = "com.apple.product-type.bundle.unit-test";
		};
		BD5519FE2F6749B90072DCA6 /* Swipe GalleryUITests */ = {
			isa = PBXNativeTarget;
			buildConfigurationList = BD551A0F2F6749B90072DCA6 /* Build configuration list for PBXNativeTarget "Swipe GalleryUITests" */;
			buildPhases = (
				BD5519FB2F6749B90072DCA6 /* Sources */,
				BD5519FC2F6749B90072DCA6 /* Frameworks */,
				BD5519FD2F6749B90072DCA6 /* Resources */,
			);
			buildRules = (
			);
			dependencies = (
				BD551A012F6749B90072DCA6 /* PBXTargetDependency */,
			);
			name = "Swipe GalleryUITests";
			productName = "Swipe GalleryUITests";
			productReference = BD5519FF2F6749B90072DCA6 /* Swipe GalleryUITests.xctest */;
			productType = "com.apple.product-type.bundle.ui-testing";
		};
/* End PBXNativeTarget section */

/* Begin PBXProject section */
		BD5519DD2F6749B50072DCA6 /* Project object */ = {
			isa = PBXProject;
			attributes = {
				BuildIndependentTargetsInParallel = 1;
				LastSwiftUpdateCheck = 1540;
				LastUpgradeCheck = 1540;
				TargetAttributes = {
					BD5519E42F6749B50072DCA6 = {
						CreatedOnToolsVersion = 15.4;
					};
					BD5519F42F6749B90072DCA6 = {
						CreatedOnToolsVersion = 15.4;
						TestTargetID = BD5519E42F6749B50072DCA6;
					};
					BD5519FE2F6749B90072DCA6 = {
						CreatedOnToolsVersion = 15.4;
						TestTargetID = BD5519E42F6749B50072DCA6;
					};
				};
			};
			buildConfigurationList = BD5519E02F6749B50072DCA6 /* Build configuration list for PBXProject "Swipe Gallery" */;
			compatibilityVersion = "Xcode 14.0";
			developmentRegion = en;
			hasScannedForEncodings = 0;
			knownRegions = (
				en,
				Base,
			);
			mainGroup = BD5519DC2F6749B50072DCA6;
			productRefGroup = BD5519E62F6749B50072DCA6 /* Products */;
			projectDirPath = "";
			projectRoot = "";
			targets = (
				BD5519E42F6749B50072DCA6 /* Swipe Gallery */,
				BD5519F42F6749B90072DCA6 /* Swipe GalleryTests */,
				BD5519FE2F6749B90072DCA6 /* Swipe GalleryUITests */,
			);
		};
/* End PBXProject section */

/* Begin PBXResourcesBuildPhase section */
		BD5519E32F6749B50072DCA6 /* Resources */ = {
			isa = PBXResourcesBuildPhase;
			buildActionMask = 2147483647;
			files = (
				BD5519F02F6749B90072DCA6 /* Preview Assets.xcassets in Resources */,
				BD5519ED2F6749B90072DCA6 /* Assets.xcassets in Resources */,
			);
			runOnlyForDeploymentPostprocessing = 0;
		};
		BD5519F32F6749B90072DCA6 /* Resources */ = {
			isa = PBXResourcesBuildPhase;
			buildActionMask = 2147483647;
			files = (
			);
			runOnlyForDeploymentPostprocessing = 0;
		};
		BD5519FD2F6749B90072DCA6 /* Resources */ = {
			isa = PBXResourcesBuildPhase;
			buildActionMask = 2147483647;
			files = (
			);
			runOnlyForDeploymentPostprocessing = 0;
		};
/* End PBXResourcesBuildPhase section */

/* Begin PBXSourcesBuildPhase section */
		BD5519E12F6749B50072DCA6 /* Sources */ = {
			isa = PBXSourcesBuildPhase;
			buildActionMask = 2147483647;
			files = (
				BD551A132F6749B90072DCA6 /* GalleryCleanerApp.swift in Sources */,
				BD551A152F6749B90072DCA6 /* MediaGroup.swift in Sources */,
				BD551A172F6749B90072DCA6 /* GroupRowView.swift in Sources */,
				BD551A192F6749B90072DCA6 /* HomeView.swift in Sources */,
				BD551A1D2F6749B90072DCA6 /* DateFormatterHelper.swift in Sources */,
				BD551A1F2F6749B90072DCA6 /* MediaItem.swift in Sources */,
				BD551A212F6749B90072DCA6 /* SwipeDecision.swift in Sources */,
				BD551A322F6749B90072DCA6 /* ImageLoaderService.swift in Sources */,
				BD551A232F6749B90072DCA6 /* PhotoLibraryService.swift in Sources */,
				BD551A252F6749B90072DCA6 /* MediaGroupingService.swift in Sources */,
				BD551A342F6749B90072DCA6 /* GroupProgressStore.swift in Sources */,
				BD551A272F6749B90072DCA6 /* DeleteQueueService.swift in Sources */,
				BD551A292F6749B90072DCA6 /* GroupDetailView.swift in Sources */,
				BD551A2B2F6749B90072DCA6 /* SwipeCardView.swift in Sources */,
				BD551A2D2F6749B90072DCA6 /* ReviewDeleteView.swift in Sources */,
			);
			runOnlyForDeploymentPostprocessing = 0;
		};
		BD5519F12F6749B90072DCA6 /* Sources */ = {
			isa = PBXSourcesBuildPhase;
			buildActionMask = 2147483647;
			files = (
				BD5519FA2F6749B90072DCA6 /* Swipe_GalleryTests.swift in Sources */,
			);
			runOnlyForDeploymentPostprocessing = 0;
		};
		BD5519FB2F6749B90072DCA6 /* Sources */ = {
			isa = PBXSourcesBuildPhase;
			buildActionMask = 2147483647;
			files = (
				BD551A062F6749B90072DCA6 /* Swipe_GalleryUITestsLaunchTests.swift in Sources */,
				BD551A042F6749B90072DCA6 /* Swipe_GalleryUITests.swift in Sources */,
			);
			runOnlyForDeploymentPostprocessing = 0;
		};
/* End PBXSourcesBuildPhase section */

/* Begin PBXTargetDependency section */
		BD5519F72F6749B90072DCA6 /* PBXTargetDependency */ = {
			isa = PBXTargetDependency;
			target = BD5519E42F6749B50072DCA6 /* Swipe Gallery */;
			targetProxy = BD5519F62F6749B90072DCA6 /* PBXContainerItemProxy */;
		};
		BD551A012F6749B90072DCA6 /* PBXTargetDependency */ = {
			isa = PBXTargetDependency;
			target = BD5519E42F6749B50072DCA6 /* Swipe Gallery */;
			targetProxy = BD551A002F6749B90072DCA6 /* PBXContainerItemProxy */;
		};
/* End PBXTargetDependency section */

/* Begin XCBuildConfiguration section */
		BD551A072F6749B90072DCA6 /* Debug */ = {
			isa = XCBuildConfiguration;
			buildSettings = {
				ALWAYS_SEARCH_USER_PATHS = NO;
				ASSETCATALOG_COMPILER_GENERATE_SWIFT_ASSET_SYMBOL_EXTENSIONS = YES;
				CLANG_ANALYZER_NONNULL = YES;
				CLANG_ANALYZER_NUMBER_OBJECT_CONVERSION = YES_AGGRESSIVE;
				CLANG_CXX_LANGUAGE_STANDARD = "gnu++20";
				CLANG_ENABLE_MODULES = YES;
				CLANG_ENABLE_OBJC_ARC = YES;
				CLANG_ENABLE_OBJC_WEAK = YES;
				CLANG_WARN_BLOCK_CAPTURE_AUTORELEASING = YES;
				CLANG_WARN_BOOL_CONVERSION = YES;
				CLANG_WARN_COMMA = YES;
				CLANG_WARN_CONSTANT_CONVERSION = YES;
				CLANG_WARN_DEPRECATED_OBJC_IMPLEMENTATIONS = YES;
				CLANG_WARN_DIRECT_OBJC_ISA_USAGE = YES_ERROR;
				CLANG_WARN_DOCUMENTATION_COMMENTS = YES;
				CLANG_WARN_EMPTY_BODY = YES;
				CLANG_WARN_ENUM_CONVERSION = YES;
				CLANG_WARN_INFINITE_RECURSION = YES;
				CLANG_WARN_INT_CONVERSION = YES;
				CLANG_WARN_NON_LITERAL_NULL_CONVERSION = YES;
				CLANG_WARN_OBJC_IMPLICIT_RETAIN_SELF = YES;
				CLANG_WARN_OBJC_LITERAL_CONVERSION = YES;
				CLANG_WARN_OBJC_ROOT_CLASS = YES_ERROR;
				CLANG_WARN_QUOTED_INCLUDE_IN_FRAMEWORK_HEADER = YES;
				CLANG_WARN_RANGE_LOOP_ANALYSIS = YES;
				CLANG_WARN_STRICT_PROTOTYPES = YES;
				CLANG_WARN_SUSPICIOUS_MOVE = YES;
				CLANG_WARN_UNGUARDED_AVAILABILITY = YES_AGGRESSIVE;
				CLANG_WARN_UNREACHABLE_CODE = YES;
				CLANG_WARN__DUPLICATE_METHOD_MATCH = YES;
				COPY_PHASE_STRIP = NO;
				DEBUG_INFORMATION_FORMAT = dwarf;
				ENABLE_STRICT_OBJC_MSGSEND = YES;
				ENABLE_TESTABILITY = YES;
				ENABLE_USER_SCRIPT_SANDBOXING = YES;
				GCC_C_LANGUAGE_STANDARD = gnu17;
				GCC_DYNAMIC_NO_PIC = NO;
				GCC_NO_COMMON_BLOCKS = YES;
				GCC_OPTIMIZATION_LEVEL = 0;
				GCC_PREPROCESSOR_DEFINITIONS = (
					"DEBUG=1",
					"$(inherited)",
				);
				GCC_WARN_64_TO_32_BIT_CONVERSION = YES;
				GCC_WARN_ABOUT_RETURN_TYPE = YES_ERROR;
				GCC_WARN_UNDECLARED_SELECTOR = YES;
				GCC_WARN_UNINITIALIZED_AUTOS = YES_AGGRESSIVE;
				GCC_WARN_UNUSED_FUNCTION = YES;
				GCC_WARN_UNUSED_VARIABLE = YES;
				IPHONEOS_DEPLOYMENT_TARGET = 18.0;
				LOCALIZATION_PREFERS_STRING_CATALOGS = YES;
				MTL_ENABLE_DEBUG_INFO = INCLUDE_SOURCE;
				MTL_FAST_MATH = YES;
				ONLY_ACTIVE_ARCH = YES;
				SDKROOT = iphoneos;
				SWIFT_ACTIVE_COMPILATION_CONDITIONS = "DEBUG $(inherited)";
				SWIFT_OPTIMIZATION_LEVEL = "-Onone";
			};
			name = Debug;
		};
		BD551A082F6749B90072DCA6 /* Release */ = {
			isa = XCBuildConfiguration;
			buildSettings = {
				ALWAYS_SEARCH_USER_PATHS = NO;
				ASSETCATALOG_COMPILER_GENERATE_SWIFT_ASSET_SYMBOL_EXTENSIONS = YES;
				CLANG_ANALYZER_NONNULL = YES;
				CLANG_ANALYZER_NUMBER_OBJECT_CONVERSION = YES_AGGRESSIVE;
				CLANG_CXX_LANGUAGE_STANDARD = "gnu++20";
				CLANG_ENABLE_MODULES = YES;
				CLANG_ENABLE_OBJC_ARC = YES;
				CLANG_ENABLE_OBJC_WEAK = YES;
				CLANG_WARN_BLOCK_CAPTURE_AUTORELEASING = YES;
				CLANG_WARN_BOOL_CONVERSION = YES;
				CLANG_WARN_COMMA = YES;
				CLANG_WARN_CONSTANT_CONVERSION = YES;
				CLANG_WARN_DEPRECATED_OBJC_IMPLEMENTATIONS = YES;
				CLANG_WARN_DIRECT_OBJC_ISA_USAGE = YES_ERROR;
				CLANG_WARN_DOCUMENTATION_COMMENTS = YES;
				CLANG_WARN_EMPTY_BODY = YES;
				CLANG_WARN_ENUM_CONVERSION = YES;
				CLANG_WARN_INFINITE_RECURSION = YES;
				CLANG_WARN_INT_CONVERSION = YES;
				CLANG_WARN_NON_LITERAL_NULL_CONVERSION = YES;
				CLANG_WARN_OBJC_IMPLICIT_RETAIN_SELF = YES;
				CLANG_WARN_OBJC_LITERAL_CONVERSION = YES;
				CLANG_WARN_OBJC_ROOT_CLASS = YES_ERROR;
				CLANG_WARN_QUOTED_INCLUDE_IN_FRAMEWORK_HEADER = YES;
				CLANG_WARN_RANGE_LOOP_ANALYSIS = YES;
				CLANG_WARN_STRICT_PROTOTYPES = YES;
				CLANG_WARN_SUSPICIOUS_MOVE = YES;
				CLANG_WARN_UNGUARDED_AVAILABILITY = YES_AGGRESSIVE;
				CLANG_WARN_UNREACHABLE_CODE = YES;
				CLANG_WARN__DUPLICATE_METHOD_MATCH = YES;
				COPY_PHASE_STRIP = NO;
				DEBUG_INFORMATION_FORMAT = "dwarf-with-dsym";
				ENABLE_NS_ASSERTIONS = NO;
				ENABLE_STRICT_OBJC_MSGSEND = YES;
				ENABLE_USER_SCRIPT_SANDBOXING = YES;
				GCC_C_LANGUAGE_STANDARD = gnu17;
				GCC_NO_COMMON_BLOCKS = YES;
				GCC_WARN_64_TO_32_BIT_CONVERSION = YES;
				GCC_WARN_ABOUT_RETURN_TYPE = YES_ERROR;
				GCC_WARN_UNDECLARED_SELECTOR = YES;
				GCC_WARN_UNINITIALIZED_AUTOS = YES_AGGRESSIVE;
				GCC_WARN_UNUSED_FUNCTION = YES;
				GCC_WARN_UNUSED_VARIABLE = YES;
				IPHONEOS_DEPLOYMENT_TARGET = 18.0;
				LOCALIZATION_PREFERS_STRING_CATALOGS = YES;
				MTL_ENABLE_DEBUG_INFO = NO;
				MTL_FAST_MATH = YES;
				SDKROOT = iphoneos;
				SWIFT_COMPILATION_MODE = wholemodule;
				VALIDATE_PRODUCT = YES;
			};
			name = Release;
		};
		BD551A0A2F6749B90072DCA6 /* Debug */ = {
			isa = XCBuildConfiguration;
			buildSettings = {
				ASSETCATALOG_COMPILER_APPICON_NAME = AppIcon;
				ASSETCATALOG_COMPILER_GLOBAL_ACCENT_COLOR_NAME = AccentColor;
				CODE_SIGN_STYLE = Automatic;
				CURRENT_PROJECT_VERSION = 1;
				DEVELOPMENT_ASSET_PATHS = "\"Swipe Gallery/Preview Content\"";
				DEVELOPMENT_TEAM = 5ZF9GJJY66;
				ENABLE_PREVIEWS = YES;
				GENERATE_INFOPLIST_FILE = YES;
				INFOPLIST_FILE = "Swipe-Gallery-Info.plist";
				INFOPLIST_KEY_CFBundleDisplayName = "Swipe Gallery";
				INFOPLIST_KEY_LSApplicationCategoryType = "public.app-category.lifestyle";
				INFOPLIST_KEY_NSPhotoLibraryUsageDescription = "Galerinizi temizlemek için fotoğraflara erişmemiz gerekiyor.\nGalerinizi temizlGalerinizi temizlemek için fotoğraflara erişmemiz gerekiyor.\nemek için fotoğraflara erişmemiz gerekiyor.\n";
				INFOPLIST_KEY_UIApplicationSceneManifest_Generation = YES;
				INFOPLIST_KEY_UIApplicationSupportsIndirectInputEvents = YES;
				INFOPLIST_KEY_UILaunchScreen_Generation = YES;
				INFOPLIST_KEY_UISupportedInterfaceOrientations_iPad = "UIInterfaceOrientationPortrait UIInterfaceOrientationPortraitUpsideDown UIInterfaceOrientationLandscapeLeft UIInterfaceOrientationLandscapeRight";
				INFOPLIST_KEY_UISupportedInterfaceOrientations_iPhone = "UIInterfaceOrientationPortrait UIInterfaceOrientationLandscapeLeft UIInterfaceOrientationLandscapeRight";
				IPHONEOS_DEPLOYMENT_TARGET = 17.0;
				LD_RUNPATH_SEARCH_PATHS = (
					"$(inherited)",
					"@executable_path/Frameworks",
				);
				MARKETING_VERSION = 1.0;
				NSPhotoLibraryUsageDescription = "Galerinizi temizlemek için fotoğraflara erişmemiz gerekiyor.";
				PRODUCT_BUNDLE_IDENTIFIER = "yasarkah.Swipe-Gallery";
				PRODUCT_NAME = "$(TARGET_NAME)";
				SWIFT_EMIT_LOC_STRINGS = YES;
				SWIFT_VERSION = 5.0;
				TARGETED_DEVICE_FAMILY = "1,2";
			};
			name = Debug;
		};
		BD551A0B2F6749B90072DCA6 /* Release */ = {
			isa = XCBuildConfiguration;
			buildSettings = {
				ASSETCATALOG_COMPILER_APPICON_NAME = AppIcon;
				ASSETCATALOG_COMPILER_GLOBAL_ACCENT_COLOR_NAME = AccentColor;
				CODE_SIGN_STYLE = Automatic;
				CURRENT_PROJECT_VERSION = 1;
				DEVELOPMENT_ASSET_PATHS = "\"Swipe Gallery/Preview Content\"";
				DEVELOPMENT_TEAM = 5ZF9GJJY66;
				ENABLE_PREVIEWS = YES;
				GENERATE_INFOPLIST_FILE = YES;
				INFOPLIST_FILE = "Swipe-Gallery-Info.plist";
				INFOPLIST_KEY_CFBundleDisplayName = "Swipe Gallery";
				INFOPLIST_KEY_LSApplicationCategoryType = "public.app-category.lifestyle";
				INFOPLIST_KEY_NSPhotoLibraryUsageDescription = "Galerinizi temizlemek için fotoğraflara erişmemiz gerekiyor.\nGalerinizi temizlGalerinizi temizlemek için fotoğraflara erişmemiz gerekiyor.\nemek için fotoğraflara erişmemiz gerekiyor.\n";
				INFOPLIST_KEY_UIApplicationSceneManifest_Generation = YES;
				INFOPLIST_KEY_UIApplicationSupportsIndirectInputEvents = YES;
				INFOPLIST_KEY_UILaunchScreen_Generation = YES;
				INFOPLIST_KEY_UISupportedInterfaceOrientations_iPad = "UIInterfaceOrientationPortrait UIInterfaceOrientationPortraitUpsideDown UIInterfaceOrientationLandscapeLeft UIInterfaceOrientationLandscapeRight";
				INFOPLIST_KEY_UISupportedInterfaceOrientations_iPhone = "UIInterfaceOrientationPortrait UIInterfaceOrientationLandscapeLeft UIInterfaceOrientationLandscapeRight";
				IPHONEOS_DEPLOYMENT_TARGET = 17.0;
				LD_RUNPATH_SEARCH_PATHS = (
					"$(inherited)",
					"@executable_path/Frameworks",
				);
				MARKETING_VERSION = 1.0;
				NSPhotoLibraryUsageDescription = "Galerinizi temizlemek için fotoğraflara erişmemiz gerekiyor.";
				PRODUCT_BUNDLE_IDENTIFIER = "yasarkah.Swipe-Gallery";
				PRODUCT_NAME = "$(TARGET_NAME)";
				SWIFT_EMIT_LOC_STRINGS = YES;
				SWIFT_VERSION = 5.0;
				TARGETED_DEVICE_FAMILY = "1,2";
			};
			name = Release;
		};
		BD551A0D2F6749B90072DCA6 /* Debug */ = {
			isa = XCBuildConfiguration;
			buildSettings = {
				ALWAYS_EMBED_SWIFT_STANDARD_LIBRARIES = YES;
				BUNDLE_LOADER = "$(TEST_HOST)";
				CODE_SIGN_STYLE = Automatic;
				CURRENT_PROJECT_VERSION = 1;
				DEVELOPMENT_TEAM = 5ZF9GJJY66;
				GENERATE_INFOPLIST_FILE = YES;
				IPHONEOS_DEPLOYMENT_TARGET = 18.0;
				MARKETING_VERSION = 1.0;
				PRODUCT_BUNDLE_IDENTIFIER = "yasarkah.Swipe-GalleryTests";
				PRODUCT_NAME = "$(TARGET_NAME)";
				SWIFT_EMIT_LOC_STRINGS = NO;
				SWIFT_VERSION = 5.0;
				TARGETED_DEVICE_FAMILY = "1,2";
				TEST_HOST = "$(BUILT_PRODUCTS_DIR)/Swipe Gallery.app/$(BUNDLE_EXECUTABLE_FOLDER_PATH)/Swipe Gallery";
			};
			name = Debug;
		};
		BD551A0E2F6749B90072DCA6 /* Release */ = {
			isa = XCBuildConfiguration;
			buildSettings = {
				ALWAYS_EMBED_SWIFT_STANDARD_LIBRARIES = YES;
				BUNDLE_LOADER = "$(TEST_HOST)";
				CODE_SIGN_STYLE = Automatic;
				CURRENT_PROJECT_VERSION = 1;
				DEVELOPMENT_TEAM = 5ZF9GJJY66;
				GENERATE_INFOPLIST_FILE = YES;
				IPHONEOS_DEPLOYMENT_TARGET = 18.0;
				MARKETING_VERSION = 1.0;
				PRODUCT_BUNDLE_IDENTIFIER = "yasarkah.Swipe-GalleryTests";
				PRODUCT_NAME = "$(TARGET_NAME)";
				SWIFT_EMIT_LOC_STRINGS = NO;
				SWIFT_VERSION = 5.0;
				TARGETED_DEVICE_FAMILY = "1,2";
				TEST_HOST = "$(BUILT_PRODUCTS_DIR)/Swipe Gallery.app/$(BUNDLE_EXECUTABLE_FOLDER_PATH)/Swipe Gallery";
			};
			name = Release;
		};
		BD551A102F6749B90072DCA6 /* Debug */ = {
			isa = XCBuildConfiguration;
			buildSettings = {
				ALWAYS_EMBED_SWIFT_STANDARD_LIBRARIES = YES;
				CODE_SIGN_STYLE = Automatic;
				CURRENT_PROJECT_VERSION = 1;
				DEVELOPMENT_TEAM = 5ZF9GJJY66;
				GENERATE_INFOPLIST_FILE = YES;
				MARKETING_VERSION = 1.0;
				PRODUCT_BUNDLE_IDENTIFIER = "yasarkah.Swipe-GalleryUITests";
				PRODUCT_NAME = "$(TARGET_NAME)";
				SWIFT_EMIT_LOC_STRINGS = NO;
				SWIFT_VERSION = 5.0;
				TARGETED_DEVICE_FAMILY = "1,2";
				TEST_TARGET_NAME = "Swipe Gallery";
			};
			name = Debug;
		};
		BD551A112F6749B90072DCA6 /* Release */ = {
			isa = XCBuildConfiguration;
			buildSettings = {
				ALWAYS_EMBED_SWIFT_STANDARD_LIBRARIES = YES;
				CODE_SIGN_STYLE = Automatic;
				CURRENT_PROJECT_VERSION = 1;
				DEVELOPMENT_TEAM = 5ZF9GJJY66;
				GENERATE_INFOPLIST_FILE = YES;
				MARKETING_VERSION = 1.0;
				PRODUCT_BUNDLE_IDENTIFIER = "yasarkah.Swipe-GalleryUITests";
				PRODUCT_NAME = "$(TARGET_NAME)";
				SWIFT_EMIT_LOC_STRINGS = NO;
				SWIFT_VERSION = 5.0;
				TARGETED_DEVICE_FAMILY = "1,2";
				TEST_TARGET_NAME = "Swipe Gallery";
			};
			name = Release;
		};
/* End XCBuildConfiguration section */

/* Begin XCConfigurationList section */
		BD5519E02F6749B50072DCA6 /* Build configuration list for PBXProject "Swipe Gallery" */ = {
			isa = XCConfigurationList;
			buildConfigurations = (
				BD551A072F6749B90072DCA6 /* Debug */,
				BD551A082F6749B90072DCA6 /* Release */,
			);
			defaultConfigurationIsVisible = 0;
			defaultConfigurationName = Release;
		};
		BD551A092F6749B90072DCA6 /* Build configuration list for PBXNativeTarget "Swipe Gallery" */ = {
			isa = XCConfigurationList;
			buildConfigurations = (
				BD551A0A2F6749B90072DCA6 /* Debug */,
				BD551A0B2F6749B90072DCA6 /* Release */,
			);
			defaultConfigurationIsVisible = 0;
			defaultConfigurationName = Release;
		};
		BD551A0C2F6749B90072DCA6 /* Build configuration list for PBXNativeTarget "Swipe GalleryTests" */ = {
			isa = XCConfigurationList;
			buildConfigurations = (
				BD551A0D2F6749B90072DCA6 /* Debug */,
				BD551A0E2F6749B90072DCA6 /* Release */,
			);
			defaultConfigurationIsVisible = 0;
			defaultConfigurationName = Release;
		};
		BD551A0F2F6749B90072DCA6 /* Build configuration list for PBXNativeTarget "Swipe GalleryUITests" */ = {
			isa = XCConfigurationList;
			buildConfigurations = (
				BD551A102F6749B90072DCA6 /* Debug */,
				BD551A112F6749B90072DCA6 /* Release */,
			);
			defaultConfigurationIsVisible = 0;
			defaultConfigurationName = Release;
		};
/* End XCConfigurationList section */
	};
	rootObject = BD5519DD2F6749B50072DCA6 /* Project object */;
}
